
Microsoft Visual Studio Solution File, Format Version 12.00
# Visual Studio Version 16
VisualStudioVersion = 16.0.31105.61
MinimumVisualStudioVersion = 10.0.40219.1
Project("{FAE04EC0-301F-11D3-BF4B-00C04F79EFBC}") = "Entities", "Entities\Entities.csproj", "{01CB7E7B-FAF7-473C-9248-0B67CEF5F8A6}"
EndProject
Project("{FAE04EC0-301F-11D3-BF4B-00C04F79EFBC}") = "DataAccess", "DataAccess\DataAccess.csproj", "{EE6EF566-EBD7-4B91-B18F-0D29531FD3F6}"
EndProject
Project("{FAE04EC0-301F-11D3-BF4B-00C04F79EFBC}") = "Business", "Business\Business.csproj", "{1285CE24-422A-4C86-BFE7-4D2FBD7CDEA7}"
EndProject
Project("{FAE04EC0-301F-11D3-BF4B-00C04F79EFBC}") = "Core", "Core\Core.csproj", "{664890B6-C786-4D25-9439-0142A27B89BB}"
EndProject
Project("{FAE04EC0-301F-11D3-BF4B-00C04F79EFBC}") = "WebAPI", "WebAPI\WebAPI.csproj", "{DBA5AF09-B5D1-4AA3-A36F-505D90C349A7}"
EndProject
Global
	GlobalSection(SolutionConfigurationPlatforms) = preSolution
		Debug|Any CPU = Debug|Any CPU
		Release|Any CPU = Release|Any CPU
	EndGlobalSection
	GlobalSection(ProjectConfigurationPlatforms) = postSolution
		{01CB7E7B-FAF7-473C-9248-0B67CEF5F8A6}.Debug|Any CPU.ActiveCfg = Debug|Any CPU
		{01CB7E7B-FAF7-473C-9248-0B67CEF5F8A6}.Debug|Any CPU.Build.0 = Debug|Any CPU
		{01CB7E7B-FAF7-473C-9248-0B67CEF5F8A6}.Release|Any CPU.ActiveCfg = Release|Any CPU
		{01CB7E7B-FAF7-473C-9248-0B67CEF5F8A6}.Release|Any CPU.Build.0 = Release|Any CPU
		{EE6EF566-EBD7-4B91-B18F-0D29531FD3F6}.Debug|Any CPU.ActiveCfg = Debug|Any CPU
		{EE6EF566-EBD7-4B91-B18F-0D29531FD3F6}.Debug|Any CPU.Build.0 = Debug|Any CPU
		{EE6EF566-EBD7-4B91-B18F-0D29531FD3F6}.Release|Any CPU.ActiveCfg = Release|Any CPU
		{EE6EF566-EBD7-4B91-B18F-0D29531FD3F6}.Release|Any CPU.Build.0 = Release|Any CPU
		{1285CE24-422A-4C86-BFE7-4D2FBD7CDEA7}.Debug|Any CPU.ActiveCfg = Debug|Any CPU
		{1285CE24-422A-4C86-BFE7-4D2FBD7CDEA7}.Debug|Any CPU.Build.0 = Debug|Any CPU
		{1285CE24-422A-4C86-BFE7-4D2FBD7CDEA7}.Release|Any CPU.ActiveCfg = Release|Any CPU
		{1285CE24-422A-4C86-BFE7-4D2FBD7CDEA7}.Release|Any CPU.Build.0 = Release|Any CPU
		{664890B6-C786-4D25-9439-0142A27B89BB}.Debug|Any CPU.ActiveCfg = Debug|Any CPU
		{664890B6-C786-4D25-9439-0142A27B89BB}.Debug|Any CPU.Build.0 = Debug|Any CPU
		{664890B6-C786-4D25-9439-0142A27B89BB}.Release|Any CPU.ActiveCfg = Release|Any CPU
		{664890B6-C786-4D25-9439-0142A27B89BB}.Release|Any CPU.Build.0 = Release|Any CPU
		{DBA5AF09-B5D1-4AA3-A36F-505D90C349A7}.Debug|Any CPU.ActiveCfg = Debug|Any CPU
		{DBA5AF09-B5D1-4AA3-A36F-505D90C349A7}.Debug|Any CPU.Build.0 = Debug|Any CPU
		{DBA5AF09-B5D1-4AA3-A36F-505D90C349A7}.Release|Any CPU.ActiveCfg = Release|Any CPU
		{DBA5AF09-B5D1-4AA3-A36F-505D90C349A7}.Release|Any CPU.Build.0 = Release|Any CPU
	EndGlobalSection
	GlobalSection(SolutionProperties) = preSolution
		HideSolutionNode = FALSE
	EndGlobalSection
	GlobalSection(ExtensibilityGlobals) = postSolution
		SolutionGuid = {5BBA9ABF-F9CE-42CA-AD53-570749DE2D0D}
	EndGlobalSection
EndGlobal
